// !$*UTF8*$!
{
	archiveVersion = 1;
	classes = {
	};
	objectVersion = 56;
	objects = {

/* Begin PBXBuildFile section */
		76EDDF6C29E66E400025CB8D /* AppDelegate.swift in Sources */ = {isa = PBXBuildFile; fileRef = 76EDDF6B29E66E400025CB8D /* AppDelegate.swift */; };
		76EDDF6E29E66E400025CB8D /* SceneDelegate.swift in Sources */ = {isa = PBXBuildFile; fileRef = 76EDDF6D29E66E400025CB8D /* SceneDelegate.swift */; };
		76EDDF7029E66E400025CB8D /* ViewController.swift in Sources */ = {isa = PBXBuildFile; fileRef = 76EDDF6F29E66E400025CB8D /* ViewController.swift */; };
		76EDDF7329E66E400025CB8D /* Main.storyboard in Resources */ = {isa = PBXBuildFile; fileRef = 76EDDF7129E66E400025CB8D /* Main.storyboard */; };
		76EDDF7629E66E400025CB8D /* chatAi.xcdatamodeld in Sources */ = {isa = PBXBuildFile; fileRef = 76EDDF7429E66E400025CB8D /* chatAi.xcdatamodeld */; };
		76EDDF7829E66E410025CB8D /* Assets.xcassets in Resources */ = {isa = PBXBuildFile; fileRef = 76EDDF7729E66E410025CB8D /* Assets.xcassets */; };
		76EDDF7B29E66E410025CB8D /* LaunchScreen.storyboard in Resources */ = {isa = PBXBuildFile; fileRef = 76EDDF7929E66E410025CB8D /* LaunchScreen.storyboard */; };
		76EDDF8629E66E410025CB8D /* chatAiTests.swift in Sources */ = {isa = PBXBuildFile; fileRef = 76EDDF8529E66E410025CB8D /* chatAiTests.swift */; };
		76EDDF9029E66E410025CB8D /* chatAiUITests.swift in Sources */ = {isa = PBXBuildFile; fileRef = 76EDDF8F29E66E410025CB8D /* chatAiUITests.swift */; };
		76EDDF9229E66E410025CB8D /* chatAiUITestsLaunchTests.swift in Sources */ = {isa = PBXBuildFile; fileRef = 76EDDF9129E66E410025CB8D /* chatAiUITestsLaunchTests.swift */; };
/* End PBXBuildFile section */

/* Begin PBXContainerItemProxy section */
		76EDDF8229E66E410025CB8D /* PBXContainerItemProxy */ = {
			isa = PBXContainerItemProxy;
			containerPortal = 76EDDF6029E66E400025CB8D /* Project object */;
			proxyType = 1;
			remoteGlobalIDString = 76EDDF6729E66E400025CB8D;
			remoteInfo = chatAi;
		};
		76EDDF8C29E66E410025CB8D /* PBXContainerItemProxy */ = {
			isa = PBXContainerItemProxy;
			containerPortal = 76EDDF6029E66E400025CB8D /* Project object */;
			proxyType = 1;
			remoteGlobalIDString = 76EDDF6729E66E400025CB8D;
			remoteInfo = chatAi;
		};
/* End PBXContainerItemProxy section */

/* Begin PBXFileReference section */
		76EDDF6829E66E400025CB8D /* chatAi.app */ = {isa = PBXFileReference; explicitFileType = wrapper.application; includeInIndex = 0; path = chatAi.app; sourceTree = BUILT_PRODUCTS_DIR; };
		76EDDF6B29E66E400025CB8D /* AppDelegate.swift */ = {isa = PBXFileReference; lastKnownFileType = sourcecode.swift; path = AppDelegate.swift; sourceTree = "<group>"; };
		76EDDF6D29E66E400025CB8D /* SceneDelegate.swift */ = {isa = PBXFileReference; lastKnownFileType = sourcecode.swift; path = SceneDelegate.swift; sourceTree = "<group>"; };
		76EDDF6F29E66E400025CB8D /* ViewController.swift */ = {isa = PBXFileReference; lastKnownFileType = sourcecode.swift; path = ViewController.swift; sourceTree = "<group>"; };
		76EDDF7229E66E400025CB8D /* Base */ = {isa = PBXFileReference; lastKnownFileType = file.storyboard; name = Base; path = Base.lproj/Main.storyboard; sourceTree = "<group>"; };
		76EDDF7529E66E400025CB8D /* chatAi.xcdatamodel */ = {isa = PBXFileReference; lastKnownFileType = wrapper.xcdatamodel; path = chatAi.xcdatamodel; sourceTree = "<group>"; };
		76EDDF7729E66E410025CB8D /* Assets.xcassets */ = {isa = PBXFileReference; lastKnownFileType = folder.assetcatalog; path = Assets.xcassets; sourceTree = "<group>"; };
		76EDDF7A29E66E410025CB8D /* Base */ = {isa = PBXFileReference; lastKnownFileType = file.storyboard; name = Base; path = Base.lproj/LaunchScreen.storyboard; sourceTree = "<group>"; };
		76EDDF7C29E66E410025CB8D /* Info.plist */ = {isa = PBXFileReference; lastKnownFileType = text.plist.xml; path = Info.plist; sourceTree = "<group>"; };
		76EDDF8129E66E410025CB8D /* chatAiTests.xctest */ = {isa = PBXFileReference; explicitFileType = wrapper.cfbundle; includeInIndex = 0; path = chatAiTests.xctest; sourceTree = BUILT_PRODUCTS_DIR; };
		76EDDF8529E66E410025CB8D /* chatAiTests.swift */ = {isa = PBXFileReference; lastKnownFileType = sourcecode.swift; path = chatAiTests.swift; sourceTree = "<group>"; };
		76EDDF8B29E66E410025CB8D /* chatAiUITests.xctest */ = {isa = PBXFileReference; explicitFileType = wrapper.cfbundle; includeInIndex = 0; path = chatAiUITests.xctest; sourceTree = BUILT_PRODUCTS_DIR; };
		76EDDF8F29E66E410025CB8D /* chatAiUITests.swift */ = {isa = PBXFileReference; lastKnownFileType = sourcecode.swift; path = chatAiUITests.swift; sourceTree = "<group>"; };
		76EDDF9129E66E410025CB8D /* chatAiUITestsLaunchTests.swift */ = {isa = PBXFileReference; lastKnownFileType = sourcecode.swift; path = chatAiUITestsLaunchTests.swift; sourceTree = "<group>"; };
/* End PBXFileReference section */

/* Begin PBXFrameworksBuildPhase section */
		76EDDF6529E66E400025CB8D /* Frameworks */ = {
			isa = PBXFrameworksBuildPhase;
			buildActionMask = 2147483647;
			files = (
			);
			runOnlyForDeploymentPostprocessing = 0;
		};
		76EDDF7E29E66E410025CB8D /* Frameworks */ = {
			isa = PBXFrameworksBuildPhase;
			buildActionMask = 2147483647;
			files = (
			);
			runOnlyForDeploymentPostprocessing = 0;
		};
		76EDDF8829E66E410025CB8D /* Frameworks */ = {
			isa = PBXFrameworksBuildPhase;
			buildActionMask = 2147483647;
			files = (
			);
			runOnlyForDeploymentPostprocessing = 0;
		};
/* End PBXFrameworksBuildPhase section */

/* Begin PBXGroup section */
		76EDDF5F29E66E400025CB8D = {
			isa = PBXGroup;
			children = (
				76EDDF6A29E66E400025CB8D /* chatAi */,
				76EDDF8429E66E410025CB8D /* chatAiTests */,
				76EDDF8E29E66E410025CB8D /* chatAiUITests */,
				76EDDF6929E66E400025CB8D /* Products */,
			);
			sourceTree = "<group>";
		};
		76EDDF6929E66E400025CB8D /* Products */ = {
			isa = PBXGroup;
			children = (
				76EDDF6829E66E400025CB8D /* chatAi.app */,
				76EDDF8129E66E410025CB8D /* chatAiTests.xctest */,
				76EDDF8B29E66E410025CB8D /* chatAiUITests.xctest */,
			);
			name = Products;
			sourceTree = "<group>";
		};
		76EDDF6A29E66E400025CB8D /* chatAi */ = {
			isa = PBXGroup;
			children = (
				76EDDF6B29E66E400025CB8D /* AppDelegate.swift */,
				76EDDF6D29E66E400025CB8D /* SceneDelegate.swift */,
				76EDDF6F29E66E400025CB8D /* ViewController.swift */,
				76EDDF7129E66E400025CB8D /* Main.storyboard */,
				76EDDF7729E66E410025CB8D /* Assets.xcassets */,
				76EDDF7929E66E410025CB8D /* LaunchScreen.storyboard */,
				76EDDF7C29E66E410025CB8D /* Info.plist */,
				76EDDF7429E66E400025CB8D /* chatAi.xcdatamodeld */,
			);
			path = chatAi;
			sourceTree = "<group>";
		};
		76EDDF8429E66E410025CB8D /* chatAiTests */ = {
			isa = PBXGroup;
			children = (
				76EDDF8529E66E410025CB8D /* chatAiTests.swift */,
			);
			path = chatAiTests;
			sourceTree = "<group>";
		};
		76EDDF8E29E66E410025CB8D /* chatAiUITests */ = {
			isa = PBXGroup;
			children = (
				76EDDF8F29E66E410025CB8D /* chatAiUITests.swift */,
				76EDDF9129E66E410025CB8D /* chatAiUITestsLaunchTests.swift */,
			);
			path = chatAiUITests;
			sourceTree = "<group>";
		};
/* End PBXGroup section */

/* Begin PBXNativeTarget section */
		76EDDF6729E66E400025CB8D /* chatAi */ = {
			isa = PBXNativeTarget;
			buildConfigurationList = 76EDDF9529E66E410025CB8D /* Build configuration list for PBXNativeTarget "chatAi" */;
			buildPhases = (
				76EDDF6429E66E400025CB8D /* Sources */,
				76EDDF6529E66E400025CB8D /* Frameworks */,
				76EDDF6629E66E400025CB8D /* Resources */,
			);
			buildRules = (
			);
			dependencies = (
			);
			name = chatAi;
			productName = chatAi;
			productReference = 76EDDF6829E66E400025CB8D /* chatAi.app */;
			productType = "com.apple.product-type.application";
		};
		76EDDF8029E66E410025CB8D /* chatAiTests */ = {
			isa = PBXNativeTarget;
			buildConfigurationList = 76EDDF9829E66E410025CB8D /* Build configuration list for PBXNativeTarget "chatAiTests" */;
			buildPhases = (
				76EDDF7D29E66E410025CB8D /* Sources */,
				76EDDF7E29E66E410025CB8D /* Frameworks */,
				76EDDF7F29E66E410025CB8D /* Resources */,
			);
			buildRules = (
			);
			dependencies = (
				76EDDF8329E66E410025CB8D /* PBXTargetDependency */,
			);
			name = chatAiTests;
			productName = chatAiTests;
			productReference = 76EDDF8129E66E410025CB8D /* chatAiTests.xctest */;
			productType = "com.apple.product-type.bundle.unit-test";
		};
		76EDDF8A29E66E410025CB8D /* chatAiUITests */ = {
			isa = PBXNativeTarget;
			buildConfigurationList = 76EDDF9B29E66E410025CB8D /* Build configuration list for PBXNativeTarget "chatAiUITests" */;
			buildPhases = (
				76EDDF8729E66E410025CB8D /* Sources */,
				76EDDF8829E66E410025CB8D /* Frameworks */,
				76EDDF8929E66E410025CB8D /* Resources */,
			);
			buildRules = (
			);
			dependencies = (
				76EDDF8D29E66E410025CB8D /* PBXTargetDependency */,
			);
			name = chatAiUITests;
			productName = chatAiUITests;
			productReference = 76EDDF8B29E66E410025CB8D /* chatAiUITests.xctest */;
			productType = "com.apple.product-type.bundle.ui-testing";
		};
/* End PBXNativeTarget section */

/* Begin PBXProject section */
		76EDDF6029E66E400025CB8D /* Project object */ = {
			isa = PBXProject;
			attributes = {
				BuildIndependentTargetsInParallel = 1;
				LastSwiftUpdateCheck = 1420;
				LastUpgradeCheck = 1420;
				TargetAttributes = {
					76EDDF6729E66E400025CB8D = {
						CreatedOnToolsVersion = 14.2;
					};
					76EDDF8029E66E410025CB8D = {
						CreatedOnToolsVersion = 14.2;
						TestTargetID = 76EDDF6729E66E400025CB8D;
					};
					76EDDF8A29E66E410025CB8D = {
						CreatedOnToolsVersion = 14.2;
						TestTargetID = 76EDDF6729E66E400025CB8D;
					};
				};
			};
			buildConfigurationList = 76EDDF6329E66E400025CB8D /* Build configuration list for PBXProject "chatAi" */;
			compatibilityVersion = "Xcode 14.0";
			developmentRegion = en;
			hasScannedForEncodings = 0;
			knownRegions = (
				en,
				Base,
			);
			mainGroup = 76EDDF5F29E66E400025CB8D;
			productRefGroup = 76EDDF6929E66E400025CB8D /* Products */;
			projectDirPath = "";
			projectRoot = "";
			targets = (
				76EDDF6729E66E400025CB8D /* chatAi */,
				76EDDF8029E66E410025CB8D /* chatAiTests */,
				76EDDF8A29E66E410025CB8D /* chatAiUITests */,
			);
		};
/* End PBXProject section */

/* Begin PBXResourcesBuildPhase section */
		76EDDF6629E66E400025CB8D /* Resources */ = {
			isa = PBXResourcesBuildPhase;
			buildActionMask = 2147483647;
			files = (
				76EDDF7B29E66E410025CB8D /* LaunchScreen.storyboard in Resources */,
				76EDDF7829E66E410025CB8D /* Assets.xcassets in Resources */,
				76EDDF7329E66E400025CB8D /* Main.storyboard in Resources */,
			);
			runOnlyForDeploymentPostprocessing = 0;
		};
		76EDDF7F29E66E410025CB8D /* Resources */ = {
			isa = PBXResourcesBuildPhase;
			buildActionMask = 2147483647;
			files = (
			);
			runOnlyForDeploymentPostprocessing = 0;
		};
		76EDDF8929E66E410025CB8D /* Resources */ = {
			isa = PBXResourcesBuildPhase;
			buildActionMask = 2147483647;
			files = (
			);
			runOnlyForDeploymentPostprocessing = 0;
		};
/* End PBXResourcesBuildPhase section */

/* Begin PBXSourcesBuildPhase section */
		76EDDF6429E66E400025CB8D /* Sources */ = {
			isa = PBXSourcesBuildPhase;
			buildActionMask = 2147483647;
			files = (
				76EDDF7029E66E400025CB8D /* ViewController.swift in Sources */,
				76EDDF7629E66E400025CB8D /* chatAi.xcdatamodeld in Sources */,
				76EDDF6C29E66E400025CB8D /* AppDelegate.swift in Sources */,
				76EDDF6E29E66E400025CB8D /* SceneDelegate.swift in Sources */,
			);
			runOnlyForDeploymentPostprocessing = 0;
		};
		76EDDF7D29E66E410025CB8D /* Sources */ = {
			isa = PBXSourcesBuildPhase;
			buildActionMask = 2147483647;
			files = (
				76EDDF8629E66E410025CB8D /* chatAiTests.swift in Sources */,
			);
			runOnlyForDeploymentPostprocessing = 0;
		};
		76EDDF8729E66E410025CB8D /* Sources */ = {
			isa = PBXSourcesBuildPhase;
			buildActionMask = 2147483647;
			files = (
				76EDDF9229E66E410025CB8D /* chatAiUITestsLaunchTests.swift in Sources */,
				76EDDF9029E66E410025CB8D /* chatAiUITests.swift in Sources */,
			);
			runOnlyForDeploymentPostprocessing = 0;
		};
/* End PBXSourcesBuildPhase section */

/* Begin PBXTargetDependency section */
		76EDDF8329E66E410025CB8D /* PBXTargetDependency */ = {
			isa = PBXTargetDependency;
			target = 76EDDF6729E66E400025CB8D /* chatAi */;
			targetProxy = 76EDDF8229E66E410025CB8D /* PBXContainerItemProxy */;
		};
		76EDDF8D29E66E410025CB8D /* PBXTargetDependency */ = {
			isa = PBXTargetDependency;
			target = 76EDDF6729E66E400025CB8D /* chatAi */;
			targetProxy = 76EDDF8C29E66E410025CB8D /* PBXContainerItemProxy */;
		};
/* End PBXTargetDependency section */

/* Begin PBXVariantGroup section */
		76EDDF7129E66E400025CB8D /* Main.storyboard */ = {
			isa = PBXVariantGroup;
			children = (
				76EDDF7229E66E400025CB8D /* Base */,
			);
			name = Main.storyboard;
			sourceTree = "<group>";
		};
		76EDDF7929E66E410025CB8D /* LaunchScreen.storyboard */ = {
			isa = PBXVariantGroup;
			children = (
				76EDDF7A29E66E410025CB8D /* Base */,
			);
			name = LaunchScreen.storyboard;
			sourceTree = "<group>";
		};
/* End PBXVariantGroup section */

/* Begin XCBuildConfiguration section */
		76EDDF9329E66E410025CB8D /* Debug */ = {
			isa = XCBuildConfiguration;
			buildSettings = {
				ALWAYS_SEARCH_USER_PATHS = NO;
				CLANG_ANALYZER_NONNULL = YES;
				CLANG_ANALYZER_NUMBER_OBJECT_CONVERSION = YES_AGGRESSIVE;
				CLANG_CXX_LANGUAGE_STANDARD = "gnu++20";
				CLANG_ENABLE_MODULES = YES;
				CLANG_ENABLE_OBJC_ARC = YES;
				CLANG_ENABLE_OBJC_WEAK = YES;
				CLANG_WARN_BLOCK_CAPTURE_AUTORELEASING = YES;
				CLANG_WARN_BOOL_CONVERSION = YES;
				CLANG_WARN_COMMA = YES;
				CLANG_WARN_CONSTANT_CONVERSION = YES;
				CLANG_WARN_DEPRECATED_OBJC_IMPLEMENTATIONS = YES;
				CLANG_WARN_DIRECT_OBJC_ISA_USAGE = YES_ERROR;
				CLANG_WARN_DOCUMENTATION_COMMENTS = YES;
				CLANG_WARN_EMPTY_BODY = YES;
				CLANG_WARN_ENUM_CONVERSION = YES;
				CLANG_WARN_INFINITE_RECURSION = YES;
				CLANG_WARN_INT_CONVERSION = YES;
				CLANG_WARN_NON_LITERAL_NULL_CONVERSION = YES;
				CLANG_WARN_OBJC_IMPLICIT_RETAIN_SELF = YES;
				CLANG_WARN_OBJC_LITERAL_CONVERSION = YES;
				CLANG_WARN_OBJC_ROOT_CLASS = YES_ERROR;
				CLANG_WARN_QUOTED_INCLUDE_IN_FRAMEWORK_HEADER = YES;
				CLANG_WARN_RANGE_LOOP_ANALYSIS = YES;
				CLANG_WARN_STRICT_PROTOTYPES = YES;
				CLANG_WARN_SUSPICIOUS_MOVE = YES;
				CLANG_WARN_UNGUARDED_AVAILABILITY = YES_AGGRESSIVE;
				CLANG_WARN_UNREACHABLE_CODE = YES;
				CLANG_WARN__DUPLICATE_METHOD_MATCH = YES;
				COPY_PHASE_STRIP = NO;
				DEBUG_INFORMATION_FORMAT = dwarf;
				ENABLE_STRICT_OBJC_MSGSEND = YES;
				ENABLE_TESTABILITY = YES;
				GCC_C_LANGUAGE_STANDARD = gnu11;
				GCC_DYNAMIC_NO_PIC = NO;
				GCC_NO_COMMON_BLOCKS = YES;
				GCC_OPTIMIZATION_LEVEL = 0;
				GCC_PREPROCESSOR_DEFINITIONS = (
					"DEBUG=1",
					"$(inherited)",
				);
				GCC_WARN_64_TO_32_BIT_CONVERSION = YES;
				GCC_WARN_ABOUT_RETURN_TYPE = YES_ERROR;
				GCC_WARN_UNDECLARED_SELECTOR = YES;
				GCC_WARN_UNINITIALIZED_AUTOS = YES_AGGRESSIVE;
				GCC_WARN_UNUSED_FUNCTION = YES;
				GCC_WARN_UNUSED_VARIABLE = YES;
				IPHONEOS_DEPLOYMENT_TARGET = 16.2;
				MTL_ENABLE_DEBUG_INFO = INCLUDE_SOURCE;
				MTL_FAST_MATH = YES;
				ONLY_ACTIVE_ARCH = YES;
				SDKROOT = iphoneos;
				SWIFT_ACTIVE_COMPILATION_CONDITIONS = DEBUG;
				SWIFT_OPTIMIZATION_LEVEL = "-Onone";
			};
			name = Debug;
		};
		76EDDF9429E66E410025CB8D /* Release */ = {
			isa = XCBuildConfiguration;
			buildSettings = {
				ALWAYS_SEARCH_USER_PATHS = NO;
				CLANG_ANALYZER_NONNULL = YES;
				CLANG_ANALYZER_NUMBER_OBJECT_CONVERSION = YES_AGGRESSIVE;
				CLANG_CXX_LANGUAGE_STANDARD = "gnu++20";
				CLANG_ENABLE_MODULES = YES;
				CLANG_ENABLE_OBJC_ARC = YES;
				CLANG_ENABLE_OBJC_WEAK = YES;
				CLANG_WARN_BLOCK_CAPTURE_AUTORELEASING = YES;
				CLANG_WARN_BOOL_CONVERSION = YES;
				CLANG_WARN_COMMA = YES;
				CLANG_WARN_CONSTANT_CONVERSION = YES;
				CLANG_WARN_DEPRECATED_OBJC_IMPLEMENTATIONS = YES;
				CLANG_WARN_DIRECT_OBJC_ISA_USAGE = YES_ERROR;
				CLANG_WARN_DOCUMENTATION_COMMENTS = YES;
				CLANG_WARN_EMPTY_BODY = YES;
				CLANG_WARN_ENUM_CONVERSION = YES;
				CLANG_WARN_INFINITE_RECURSION = YES;
				CLANG_WARN_INT_CONVERSION = YES;
				CLANG_WARN_NON_LITERAL_NULL_CONVERSION = YES;
				CLANG_WARN_OBJC_IMPLICIT_RETAIN_SELF = YES;
				CLANG_WARN_OBJC_LITERAL_CONVERSION = YES;
				CLANG_WARN_OBJC_ROOT_CLASS = YES_ERROR;
				CLANG_WARN_QUOTED_INCLUDE_IN_FRAMEWORK_HEADER = YES;
				CLANG_WARN_RANGE_LOOP_ANALYSIS = YES;
				CLANG_WARN_STRICT_PROTOTYPES = YES;
				CLANG_WARN_SUSPICIOUS_MOVE = YES;
				CLANG_WARN_UNGUARDED_AVAILABILITY = YES_AGGRESSIVE;
				CLANG_WARN_UNREACHABLE_CODE = YES;
				CLANG_WARN__DUPLICATE_METHOD_MATCH = YES;
				COPY_PHASE_STRIP = NO;
				DEBUG_INFORMATION_FORMAT = "dwarf-with-dsym";
				ENABLE_NS_ASSERTIONS = NO;
				ENABLE_STRICT_OBJC_MSGSEND = YES;
				GCC_C_LANGUAGE_STANDARD = gnu11;
				GCC_NO_COMMON_BLOCKS = YES;
				GCC_WARN_64_TO_32_BIT_CONVERSION = YES;
				GCC_WARN_ABOUT_RETURN_TYPE = YES_ERROR;
				GCC_WARN_UNDECLARED_SELECTOR = YES;
				GCC_WARN_UNINITIALIZED_AUTOS = YES_AGGRESSIVE;
				GCC_WARN_UNUSED_FUNCTION = YES;
				GCC_WARN_UNUSED_VARIABLE = YES;
				IPHONEOS_DEPLOYMENT_TARGET = 16.2;
				MTL_ENABLE_DEBUG_INFO = NO;
				MTL_FAST_MATH = YES;
				SDKROOT = iphoneos;
				SWIFT_COMPILATION_MODE = wholemodule;
				SWIFT_OPTIMIZATION_LEVEL = "-O";
				VALIDATE_PRODUCT = YES;
			};
			name = Release;
		};
		76EDDF9629E66E410025CB8D /* Debug */ = {
			isa = XCBuildConfiguration;
			buildSettings = {
				ASSETCATALOG_COMPILER_APPICON_NAME = AppIcon;
				ASSETCATALOG_COMPILER_GLOBAL_ACCENT_COLOR_NAME = AccentColor;
				CODE_SIGN_STYLE = Automatic;
				CURRENT_PROJECT_VERSION = 1;
				DEVELOPMENT_TEAM = 8XR9GPSS6Y;
				GENERATE_INFOPLIST_FILE = YES;
				INFOPLIST_FILE = chatAi/Info.plist;
				INFOPLIST_KEY_UIApplicationSupportsIndirectInputEvents = YES;
				INFOPLIST_KEY_UILaunchStoryboardName = LaunchScreen;
				INFOPLIST_KEY_UIMainStoryboardFile = Main;
				INFOPLIST_KEY_UISupportedInterfaceOrientations_iPad = "UIInterfaceOrientationPortrait UIInterfaceOrientationPortraitUpsideDown UIInterfaceOrientationLandscapeLeft UIInterfaceOrientationLandscapeRight";
				INFOPLIST_KEY_UISupportedInterfaceOrientations_iPhone = "UIInterfaceOrientationPortrait UIInterfaceOrientationLandscapeLeft UIInterfaceOrientationLandscapeRight";
				LD_RUNPATH_SEARCH_PATHS = (
					"$(inherited)",
					"@executable_path/Frameworks",
				);
				MARKETING_VERSION = 1.0;
				PRODUCT_BUNDLE_IDENTIFIER = com.chatAi;
				PRODUCT_NAME = "$(TARGET_NAME)";
				SWIFT_EMIT_LOC_STRINGS = YES;
				SWIFT_VERSION = 5.0;
				TARGETED_DEVICE_FAMILY = "1,2";
			};
			name = Debug;
		};
		76EDDF9729E66E410025CB8D /* Release */ = {
			isa = XCBuildConfiguration;
			buildSettings = {
				ASSETCATALOG_COMPILER_APPICON_NAME = AppIcon;
				ASSETCATALOG_COMPILER_GLOBAL_ACCENT_COLOR_NAME = AccentColor;
				CODE_SIGN_STYLE = Automatic;
				CURRENT_PROJECT_VERSION = 1;
				DEVELOPMENT_TEAM = 8XR9GPSS6Y;
				GENERATE_INFOPLIST_FILE = YES;
				INFOPLIST_FILE = chatAi/Info.plist;
				INFOPLIST_KEY_UIApplicationSupportsIndirectInputEvents = YES;
				INFOPLIST_KEY_UILaunchStoryboardName = LaunchScreen;
				INFOPLIST_KEY_UIMainStoryboardFile = Main;
				INFOPLIST_KEY_UISupportedInterfaceOrientations_iPad = "UIInterfaceOrientationPortrait UIInterfaceOrientationPortraitUpsideDown UIInterfaceOrientationLandscapeLeft UIInterfaceOrientationLandscapeRight";
				INFOPLIST_KEY_UISupportedInterfaceOrientations_iPhone = "UIInterfaceOrientationPortrait UIInterfaceOrientationLandscapeLeft UIInterfaceOrientationLandscapeRight";
				LD_RUNPATH_SEARCH_PATHS = (
					"$(inherited)",
					"@executable_path/Frameworks",
				);
				MARKETING_VERSION = 1.0;
				PRODUCT_BUNDLE_IDENTIFIER = com.chatAi;
				PRODUCT_NAME = "$(TARGET_NAME)";
				SWIFT_EMIT_LOC_STRINGS = YES;
				SWIFT_VERSION = 5.0;
				TARGETED_DEVICE_FAMILY = "1,2";
			};
			name = Release;
		};
		76EDDF9929E66E410025CB8D /* Debug */ = {
			isa = XCBuildConfiguration;
			buildSettings = {
				ALWAYS_EMBED_SWIFT_STANDARD_LIBRARIES = YES;
				BUNDLE_LOADER = "$(TEST_HOST)";
				CODE_SIGN_STYLE = Automatic;
				CURRENT_PROJECT_VERSION = 1;
				DEVELOPMENT_TEAM = 8XR9GPSS6Y;
				GENERATE_INFOPLIST_FILE = YES;
				IPHONEOS_DEPLOYMENT_TARGET = 16.2;
				MARKETING_VERSION = 1.0;
				PRODUCT_BUNDLE_IDENTIFIER = com.chatAiTests;
				PRODUCT_NAME = "$(TARGET_NAME)";
				SWIFT_EMIT_LOC_STRINGS = NO;
				SWIFT_VERSION = 5.0;
				TARGETED_DEVICE_FAMILY = "1,2";
				TEST_HOST = "$(BUILT_PRODUCTS_DIR)/chatAi.app/$(BUNDLE_EXECUTABLE_FOLDER_PATH)/chatAi";
			};
			name = Debug;
		};
		76EDDF9A29E66E410025CB8D /* Release */ = {
			isa = XCBuildConfiguration;
			buildSettings = {
				ALWAYS_EMBED_SWIFT_STANDARD_LIBRARIES = YES;
				BUNDLE_LOADER = "$(TEST_HOST)";
				CODE_SIGN_STYLE = Automatic;
				CURRENT_PROJECT_VERSION = 1;
				DEVELOPMENT_TEAM = 8XR9GPSS6Y;
				GENERATE_INFOPLIST_FILE = YES;
				IPHONEOS_DEPLOYMENT_TARGET = 16.2;
				MARKETING_VERSION = 1.0;
				PRODUCT_BUNDLE_IDENTIFIER = com.chatAiTests;
				PRODUCT_NAME = "$(TARGET_NAME)";
				SWIFT_EMIT_LOC_STRINGS = NO;
				SWIFT_VERSION = 5.0;
				TARGETED_DEVICE_FAMILY = "1,2";
				TEST_HOST = "$(BUILT_PRODUCTS_DIR)/chatAi.app/$(BUNDLE_EXECUTABLE_FOLDER_PATH)/chatAi";
			};
			name = Release;
		};
		76EDDF9C29E66E410025CB8D /* Debug */ = {
			isa = XCBuildConfiguration;
			buildSettings = {
				ALWAYS_EMBED_SWIFT_STANDARD_LIBRARIES = YES;
				CODE_SIGN_STYLE = Automatic;
				CURRENT_PROJECT_VERSION = 1;
				DEVELOPMENT_TEAM = 8XR9GPSS6Y;
				GENERATE_INFOPLIST_FILE = YES;
				MARKETING_VERSION = 1.0;
				PRODUCT_BUNDLE_IDENTIFIER = com.chatAiUITests;
				PRODUCT_NAME = "$(TARGET_NAME)";
				SWIFT_EMIT_LOC_STRINGS = NO;
				SWIFT_VERSION = 5.0;
				TARGETED_DEVICE_FAMILY = "1,2";
				TEST_TARGET_NAME = chatAi;
			};
			name = Debug;
		};
		76EDDF9D29E66E410025CB8D /* Release */ = {
			isa = XCBuildConfiguration;
			buildSettings = {
				ALWAYS_EMBED_SWIFT_STANDARD_LIBRARIES = YES;
				CODE_SIGN_STYLE = Automatic;
				CURRENT_PROJECT_VERSION = 1;
				DEVELOPMENT_TEAM = 8XR9GPSS6Y;
				GENERATE_INFOPLIST_FILE = YES;
				MARKETING_VERSION = 1.0;
				PRODUCT_BUNDLE_IDENTIFIER = com.chatAiUITests;
				PRODUCT_NAME = "$(TARGET_NAME)";
				SWIFT_EMIT_LOC_STRINGS = NO;
				SWIFT_VERSION = 5.0;
				TARGETED_DEVICE_FAMILY = "1,2";
				TEST_TARGET_NAME = chatAi;
			};
			name = Release;
		};
/* End XCBuildConfiguration section */

/* Begin XCConfigurationList section */
		76EDDF6329E66E400025CB8D /* Build configuration list for PBXProject "chatAi" */ = {
			isa = XCConfigurationList;
			buildConfigurations = (
				76EDDF9329E66E410025CB8D /* Debug */,
				76EDDF9429E66E410025CB8D /* Release */,
			);
			defaultConfigurationIsVisible = 0;
			defaultConfigurationName = Release;
		};
		76EDDF9529E66E410025CB8D /* Build configuration list for PBXNativeTarget "chatAi" */ = {
			isa = XCConfigurationList;
			buildConfigurations = (
				76EDDF9629E66E410025CB8D /* Debug */,
				76EDDF9729E66E410025CB8D /* Release */,
			);
			defaultConfigurationIsVisible = 0;
			defaultConfigurationName = Release;
		};
		76EDDF9829E66E410025CB8D /* Build configuration list for PBXNativeTarget "chatAiTests" */ = {
			isa = XCConfigurationList;
			buildConfigurations = (
				76EDDF9929E66E410025CB8D /* Debug */,
				76EDDF9A29E66E410025CB8D /* Release */,
			);
			defaultConfigurationIsVisible = 0;
			defaultConfigurationName = Release;
		};
		76EDDF9B29E66E410025CB8D /* Build configuration list for PBXNativeTarget "chatAiUITests" */ = {
			isa = XCConfigurationList;
			buildConfigurations = (
				76EDDF9C29E66E410025CB8D /* Debug */,
				76EDDF9D29E66E410025CB8D /* Release */,
			);
			defaultConfigurationIsVisible = 0;
			defaultConfigurationName = Release;
		};
/* End XCConfigurationList section */

/* Begin XCVersionGroup section */
		76EDDF7429E66E400025CB8D /* chatAi.xcdatamodeld */ = {
			isa = XCVersionGroup;
			children = (
				76EDDF7529E66E400025CB8D /* chatAi.xcdatamodel */,
			);
			currentVersion = 76EDDF7529E66E400025CB8D /* chatAi.xcdatamodel */;
			path = chatAi.xcdatamodeld;
			sourceTree = "<group>";
			versionGroupType = wrapper.xcdatamodel;
		};
/* End XCVersionGroup section */
	};
	rootObject = 76EDDF6029E66E400025CB8D /* Project object */;
}
